
Microsoft Visual Studio Solution File, Format Version 12.00
# Visual Studio Version 17
VisualStudioVersion = 17.13.35919.96
MinimumVisualStudioVersion = 10.0.40219.1
Project("{2150E333-8FDC-42A3-9474-1A3956D46DE8}") = "Services", "Services", "{02EA681E-C7D8-13C7-8484-4AC65E1B71E8}"
EndProject
Project("{2150E333-8FDC-42A3-9474-1A3956D46DE8}") = "Catalog", "Catalog", "{4023B8D4-05ED-4DBD-92C2-C87DD638A6E4}"
EndProject
Project("{FAE04EC0-301F-11D3-BF4B-00C04F79EFBC}") = "Catalog.API", "Services\Catalog\Catalog.API\Catalog.API.csproj", "{96E655C5-01EA-4AFE-9143-A7C7A4385339}"
EndProject
Project("{2150E333-8FDC-42A3-9474-1A3956D46DE8}") = "BuildingBlocks", "BuildingBlocks", "{9906778E-D2D2-492F-BB5C-A2C07F4C5C8B}"
EndProject
Project("{FAE04EC0-301F-11D3-BF4B-00C04F79EFBC}") = "BuildingBlocks", "BuildingBlocks\BuildingBlocks\BuildingBlocks.csproj", "{3ED8E0D3-E255-4A8E-9706-98998F58140E}"
EndProject
Project("{E53339B2-1760-4266-BCC7-CA923CBCF16C}") = "docker-compose", "docker-compose.dcproj", "{81DDED9D-158B-E303-5F62-77A2896D2A5A}"
EndProject
Project("{2150E333-8FDC-42A3-9474-1A3956D46DE8}") = "Basket", "Basket", "{5E32FC67-48FC-46D8-BE5E-66BB0105C398}"
EndProject
Project("{FAE04EC0-301F-11D3-BF4B-00C04F79EFBC}") = "Basket.API", "Services\Basket\Basket.API\Basket.API.csproj", "{6A4BE308-DF93-4968-87D9-7A3A266A445D}"
EndProject
Global
	GlobalSection(SolutionConfigurationPlatforms) = preSolution
		Debug|Any CPU = Debug|Any CPU
		Release|Any CPU = Release|Any CPU
	EndGlobalSection
	GlobalSection(ProjectConfigurationPlatforms) = postSolution
		{96E655C5-01EA-4AFE-9143-A7C7A4385339}.Debug|Any CPU.ActiveCfg = Debug|Any CPU
		{96E655C5-01EA-4AFE-9143-A7C7A4385339}.Debug|Any CPU.Build.0 = Debug|Any CPU
		{96E655C5-01EA-4AFE-9143-A7C7A4385339}.Release|Any CPU.ActiveCfg = Release|Any CPU
		{96E655C5-01EA-4AFE-9143-A7C7A4385339}.Release|Any CPU.Build.0 = Release|Any CPU
		{3ED8E0D3-E255-4A8E-9706-98998F58140E}.Debug|Any CPU.ActiveCfg = Debug|Any CPU
		{3ED8E0D3-E255-4A8E-9706-98998F58140E}.Debug|Any CPU.Build.0 = Debug|Any CPU
		{3ED8E0D3-E255-4A8E-9706-98998F58140E}.Release|Any CPU.ActiveCfg = Release|Any CPU
		{3ED8E0D3-E255-4A8E-9706-98998F58140E}.Release|Any CPU.Build.0 = Release|Any CPU
		{81DDED9D-158B-E303-5F62-77A2896D2A5A}.Debug|Any CPU.ActiveCfg = Debug|Any CPU
		{81DDED9D-158B-E303-5F62-77A2896D2A5A}.Debug|Any CPU.Build.0 = Debug|Any CPU
		{81DDED9D-158B-E303-5F62-77A2896D2A5A}.Release|Any CPU.ActiveCfg = Release|Any CPU
		{81DDED9D-158B-E303-5F62-77A2896D2A5A}.Release|Any CPU.Build.0 = Release|Any CPU
		{6A4BE308-DF93-4968-87D9-7A3A266A445D}.Debug|Any CPU.ActiveCfg = Debug|Any CPU
		{6A4BE308-DF93-4968-87D9-7A3A266A445D}.Debug|Any CPU.Build.0 = Debug|Any CPU
		{6A4BE308-DF93-4968-87D9-7A3A266A445D}.Release|Any CPU.ActiveCfg = Release|Any CPU
		{6A4BE308-DF93-4968-87D9-7A3A266A445D}.Release|Any CPU.Build.0 = Release|Any CPU
	EndGlobalSection
	GlobalSection(SolutionProperties) = preSolution
		HideSolutionNode = FALSE
	EndGlobalSection
	GlobalSection(NestedProjects) = preSolution
		{4023B8D4-05ED-4DBD-92C2-C87DD638A6E4} = {02EA681E-C7D8-13C7-8484-4AC65E1B71E8}
		{96E655C5-01EA-4AFE-9143-A7C7A4385339} = {4023B8D4-05ED-4DBD-92C2-C87DD638A6E4}
		{3ED8E0D3-E255-4A8E-9706-98998F58140E} = {9906778E-D2D2-492F-BB5C-A2C07F4C5C8B}
		{5E32FC67-48FC-46D8-BE5E-66BB0105C398} = {02EA681E-C7D8-13C7-8484-4AC65E1B71E8}
		{6A4BE308-DF93-4968-87D9-7A3A266A445D} = {5E32FC67-48FC-46D8-BE5E-66BB0105C398}
	EndGlobalSection
	GlobalSection(ExtensibilityGlobals) = postSolution
		SolutionGuid = {99F07E65-3299-4AC1-A828-CE7BB399C4CC}
	EndGlobalSection
EndGlobal
